// !$*UTF8*$!
{
	archiveVersion = 1;
	classes = {
	};
	objectVersion = 55;
	objects = {

/* Begin PBXBuildFile section */
		4708E05A279998F40034E8B3 /* AppDelegate.swift in Sources */ = {isa = PBXBuildFile; fileRef = 4708E059279998F40034E8B3 /* AppDelegate.swift */; };
		4708E05C279998F40034E8B3 /* SceneDelegate.swift in Sources */ = {isa = PBXBuildFile; fileRef = 4708E05B279998F40034E8B3 /* SceneDelegate.swift */; };
		4708E05E279998F40034E8B3 /* ViewController.swift in Sources */ = {isa = PBXBuildFile; fileRef = 4708E05D279998F40034E8B3 /* ViewController.swift */; };
		4708E061279998F40034E8B3 /* Main.storyboard in Resources */ = {isa = PBXBuildFile; fileRef = 4708E05F279998F40034E8B3 /* Main.storyboard */; };
		4708E063279998F50034E8B3 /* Assets.xcassets in Resources */ = {isa = PBXBuildFile; fileRef = 4708E062279998F50034E8B3 /* Assets.xcassets */; };
		4708E066279998F50034E8B3 /* LaunchScreen.storyboard in Resources */ = {isa = PBXBuildFile; fileRef = 4708E064279998F50034E8B3 /* LaunchScreen.storyboard */; };
		4708E071279998F50034E8B3 /* MPFUNSwiftTests.swift in Sources */ = {isa = PBXBuildFile; fileRef = 4708E070279998F50034E8B3 /* MPFUNSwiftTests.swift */; };
		4708E07B279998F50034E8B3 /* MPFUNSwiftUITests.swift in Sources */ = {isa = PBXBuildFile; fileRef = 4708E07A279998F50034E8B3 /* MPFUNSwiftUITests.swift */; };
		4708E07D279998F50034E8B3 /* MPFUNSwiftUITestsLaunchTests.swift in Sources */ = {isa = PBXBuildFile; fileRef = 4708E07C279998F50034E8B3 /* MPFUNSwiftUITestsLaunchTests.swift */; };
/* End PBXBuildFile section */

/* Begin PBXContainerItemProxy section */
		4708E06D279998F50034E8B3 /* PBXContainerItemProxy */ = {
			isa = PBXContainerItemProxy;
			containerPortal = 4708E04E279998F40034E8B3 /* Project object */;
			proxyType = 1;
			remoteGlobalIDString = 4708E055279998F40034E8B3;
			remoteInfo = MPFUNSwift;
		};
		4708E077279998F50034E8B3 /* PBXContainerItemProxy */ = {
			isa = PBXContainerItemProxy;
			containerPortal = 4708E04E279998F40034E8B3 /* Project object */;
			proxyType = 1;
			remoteGlobalIDString = 4708E055279998F40034E8B3;
			remoteInfo = MPFUNSwift;
		};
/* End PBXContainerItemProxy section */

/* Begin PBXFileReference section */
		4708E056279998F40034E8B3 /* MPFUNSwift.app */ = {isa = PBXFileReference; explicitFileType = wrapper.application; includeInIndex = 0; path = MPFUNSwift.app; sourceTree = BUILT_PRODUCTS_DIR; };
		4708E059279998F40034E8B3 /* AppDelegate.swift */ = {isa = PBXFileReference; lastKnownFileType = sourcecode.swift; path = AppDelegate.swift; sourceTree = "<group>"; };
		4708E05B279998F40034E8B3 /* SceneDelegate.swift */ = {isa = PBXFileReference; lastKnownFileType = sourcecode.swift; path = SceneDelegate.swift; sourceTree = "<group>"; };
		4708E05D279998F40034E8B3 /* ViewController.swift */ = {isa = PBXFileReference; lastKnownFileType = sourcecode.swift; path = ViewController.swift; sourceTree = "<group>"; };
		4708E060279998F40034E8B3 /* Base */ = {isa = PBXFileReference; lastKnownFileType = file.storyboard; name = Base; path = Base.lproj/Main.storyboard; sourceTree = "<group>"; };
		4708E062279998F50034E8B3 /* Assets.xcassets */ = {isa = PBXFileReference; lastKnownFileType = folder.assetcatalog; path = Assets.xcassets; sourceTree = "<group>"; };
		4708E065279998F50034E8B3 /* Base */ = {isa = PBXFileReference; lastKnownFileType = file.storyboard; name = Base; path = Base.lproj/LaunchScreen.storyboard; sourceTree = "<group>"; };
		4708E067279998F50034E8B3 /* Info.plist */ = {isa = PBXFileReference; lastKnownFileType = text.plist.xml; path = Info.plist; sourceTree = "<group>"; };
		4708E06C279998F50034E8B3 /* MPFUNSwiftTests.xctest */ = {isa = PBXFileReference; explicitFileType = wrapper.cfbundle; includeInIndex = 0; path = MPFUNSwiftTests.xctest; sourceTree = BUILT_PRODUCTS_DIR; };
		4708E070279998F50034E8B3 /* MPFUNSwiftTests.swift */ = {isa = PBXFileReference; lastKnownFileType = sourcecode.swift; path = MPFUNSwiftTests.swift; sourceTree = "<group>"; };
		4708E076279998F50034E8B3 /* MPFUNSwiftUITests.xctest */ = {isa = PBXFileReference; explicitFileType = wrapper.cfbundle; includeInIndex = 0; path = MPFUNSwiftUITests.xctest; sourceTree = BUILT_PRODUCTS_DIR; };
		4708E07A279998F50034E8B3 /* MPFUNSwiftUITests.swift */ = {isa = PBXFileReference; lastKnownFileType = sourcecode.swift; path = MPFUNSwiftUITests.swift; sourceTree = "<group>"; };
		4708E07C279998F50034E8B3 /* MPFUNSwiftUITestsLaunchTests.swift */ = {isa = PBXFileReference; lastKnownFileType = sourcecode.swift; path = MPFUNSwiftUITestsLaunchTests.swift; sourceTree = "<group>"; };
/* End PBXFileReference section */

/* Begin PBXFrameworksBuildPhase section */
		4708E053279998F40034E8B3 /* Frameworks */ = {
			isa = PBXFrameworksBuildPhase;
			buildActionMask = 2147483647;
			files = (
			);
			runOnlyForDeploymentPostprocessing = 0;
		};
		4708E069279998F50034E8B3 /* Frameworks */ = {
			isa = PBXFrameworksBuildPhase;
			buildActionMask = 2147483647;
			files = (
			);
			runOnlyForDeploymentPostprocessing = 0;
		};
		4708E073279998F50034E8B3 /* Frameworks */ = {
			isa = PBXFrameworksBuildPhase;
			buildActionMask = 2147483647;
			files = (
			);
			runOnlyForDeploymentPostprocessing = 0;
		};
/* End PBXFrameworksBuildPhase section */

/* Begin PBXGroup section */
		4708E04D279998F40034E8B3 = {
			isa = PBXGroup;
			children = (
				4708E058279998F40034E8B3 /* MPFUNSwift */,
				4708E06F279998F50034E8B3 /* MPFUNSwiftTests */,
				4708E079279998F50034E8B3 /* MPFUNSwiftUITests */,
				4708E057279998F40034E8B3 /* Products */,
			);
			sourceTree = "<group>";
		};
		4708E057279998F40034E8B3 /* Products */ = {
			isa = PBXGroup;
			children = (
				4708E056279998F40034E8B3 /* MPFUNSwift.app */,
				4708E06C279998F50034E8B3 /* MPFUNSwiftTests.xctest */,
				4708E076279998F50034E8B3 /* MPFUNSwiftUITests.xctest */,
			);
			name = Products;
			sourceTree = "<group>";
		};
		4708E058279998F40034E8B3 /* MPFUNSwift */ = {
			isa = PBXGroup;
			children = (
				4708E059279998F40034E8B3 /* AppDelegate.swift */,
				4708E05B279998F40034E8B3 /* SceneDelegate.swift */,
				4708E05D279998F40034E8B3 /* ViewController.swift */,
				4708E05F279998F40034E8B3 /* Main.storyboard */,
				4708E062279998F50034E8B3 /* Assets.xcassets */,
				4708E064279998F50034E8B3 /* LaunchScreen.storyboard */,
				4708E067279998F50034E8B3 /* Info.plist */,
			);
			path = MPFUNSwift;
			sourceTree = "<group>";
		};
		4708E06F279998F50034E8B3 /* MPFUNSwiftTests */ = {
			isa = PBXGroup;
			children = (
				4708E070279998F50034E8B3 /* MPFUNSwiftTests.swift */,
			);
			path = MPFUNSwiftTests;
			sourceTree = "<group>";
		};
		4708E079279998F50034E8B3 /* MPFUNSwiftUITests */ = {
			isa = PBXGroup;
			children = (
				4708E07A279998F50034E8B3 /* MPFUNSwiftUITests.swift */,
				4708E07C279998F50034E8B3 /* MPFUNSwiftUITestsLaunchTests.swift */,
			);
			path = MPFUNSwiftUITests;
			sourceTree = "<group>";
		};
/* End PBXGroup section */

/* Begin PBXNativeTarget section */
		4708E055279998F40034E8B3 /* MPFUNSwift */ = {
			isa = PBXNativeTarget;
			buildConfigurationList = 4708E080279998F50034E8B3 /* Build configuration list for PBXNativeTarget "MPFUNSwift" */;
			buildPhases = (
				4708E052279998F40034E8B3 /* Sources */,
				4708E053279998F40034E8B3 /* Frameworks */,
				4708E054279998F40034E8B3 /* Resources */,
			);
			buildRules = (
			);
			dependencies = (
			);
			name = MPFUNSwift;
			productName = MPFUNSwift;
			productReference = 4708E056279998F40034E8B3 /* MPFUNSwift.app */;
			productType = "com.apple.product-type.application";
		};
		4708E06B279998F50034E8B3 /* MPFUNSwiftTests */ = {
			isa = PBXNativeTarget;
			buildConfigurationList = 4708E083279998F50034E8B3 /* Build configuration list for PBXNativeTarget "MPFUNSwiftTests" */;
			buildPhases = (
				4708E068279998F50034E8B3 /* Sources */,
				4708E069279998F50034E8B3 /* Frameworks */,
				4708E06A279998F50034E8B3 /* Resources */,
			);
			buildRules = (
			);
			dependencies = (
				4708E06E279998F50034E8B3 /* PBXTargetDependency */,
			);
			name = MPFUNSwiftTests;
			productName = MPFUNSwiftTests;
			productReference = 4708E06C279998F50034E8B3 /* MPFUNSwiftTests.xctest */;
			productType = "com.apple.product-type.bundle.unit-test";
		};
		4708E075279998F50034E8B3 /* MPFUNSwiftUITests */ = {
			isa = PBXNativeTarget;
			buildConfigurationList = 4708E086279998F50034E8B3 /* Build configuration list for PBXNativeTarget "MPFUNSwiftUITests" */;
			buildPhases = (
				4708E072279998F50034E8B3 /* Sources */,
				4708E073279998F50034E8B3 /* Frameworks */,
				4708E074279998F50034E8B3 /* Resources */,
			);
			buildRules = (
			);
			dependencies = (
				4708E078279998F50034E8B3 /* PBXTargetDependency */,
			);
			name = MPFUNSwiftUITests;
			productName = MPFUNSwiftUITests;
			productReference = 4708E076279998F50034E8B3 /* MPFUNSwiftUITests.xctest */;
			productType = "com.apple.product-type.bundle.ui-testing";
		};
/* End PBXNativeTarget section */

/* Begin PBXProject section */
		4708E04E279998F40034E8B3 /* Project object */ = {
			isa = PBXProject;
			attributes = {
				BuildIndependentTargetsInParallel = 1;
				LastSwiftUpdateCheck = 1320;
				LastUpgradeCheck = 1320;
				TargetAttributes = {
					4708E055279998F40034E8B3 = {
						CreatedOnToolsVersion = 13.2.1;
					};
					4708E06B279998F50034E8B3 = {
						CreatedOnToolsVersion = 13.2.1;
						TestTargetID = 4708E055279998F40034E8B3;
					};
					4708E075279998F50034E8B3 = {
						CreatedOnToolsVersion = 13.2.1;
						TestTargetID = 4708E055279998F40034E8B3;
					};
				};
			};
			buildConfigurationList = 4708E051279998F40034E8B3 /* Build configuration list for PBXProject "MPFUNSwift" */;
			compatibilityVersion = "Xcode 13.0";
			developmentRegion = en;
			hasScannedForEncodings = 0;
			knownRegions = (
				en,
				Base,
			);
			mainGroup = 4708E04D279998F40034E8B3;
			productRefGroup = 4708E057279998F40034E8B3 /* Products */;
			projectDirPath = "";
			projectRoot = "";
			targets = (
				4708E055279998F40034E8B3 /* MPFUNSwift */,
				4708E06B279998F50034E8B3 /* MPFUNSwiftTests */,
				4708E075279998F50034E8B3 /* MPFUNSwiftUITests */,
			);
		};
/* End PBXProject section */

/* Begin PBXResourcesBuildPhase section */
		4708E054279998F40034E8B3 /* Resources */ = {
			isa = PBXResourcesBuildPhase;
			buildActionMask = 2147483647;
			files = (
				4708E066279998F50034E8B3 /* LaunchScreen.storyboard in Resources */,
				4708E063279998F50034E8B3 /* Assets.xcassets in Resources */,
				4708E061279998F40034E8B3 /* Main.storyboard in Resources */,
			);
			runOnlyForDeploymentPostprocessing = 0;
		};
		4708E06A279998F50034E8B3 /* Resources */ = {
			isa = PBXResourcesBuildPhase;
			buildActionMask = 2147483647;
			files = (
			);
			runOnlyForDeploymentPostprocessing = 0;
		};
		4708E074279998F50034E8B3 /* Resources */ = {
			isa = PBXResourcesBuildPhase;
			buildActionMask = 2147483647;
			files = (
			);
			runOnlyForDeploymentPostprocessing = 0;
		};
/* End PBXResourcesBuildPhase section */

/* Begin PBXSourcesBuildPhase section */
		4708E052279998F40034E8B3 /* Sources */ = {
			isa = PBXSourcesBuildPhase;
			buildActionMask = 2147483647;
			files = (
				4708E05E279998F40034E8B3 /* ViewController.swift in Sources */,
				4708E05A279998F40034E8B3 /* AppDelegate.swift in Sources */,
				4708E05C279998F40034E8B3 /* SceneDelegate.swift in Sources */,
			);
			runOnlyForDeploymentPostprocessing = 0;
		};
		4708E068279998F50034E8B3 /* Sources */ = {
			isa = PBXSourcesBuildPhase;
			buildActionMask = 2147483647;
			files = (
				4708E071279998F50034E8B3 /* MPFUNSwiftTests.swift in Sources */,
			);
			runOnlyForDeploymentPostprocessing = 0;
		};
		4708E072279998F50034E8B3 /* Sources */ = {
			isa = PBXSourcesBuildPhase;
			buildActionMask = 2147483647;
			files = (
				4708E07B279998F50034E8B3 /* MPFUNSwiftUITests.swift in Sources */,
				4708E07D279998F50034E8B3 /* MPFUNSwiftUITestsLaunchTests.swift in Sources */,
			);
			runOnlyForDeploymentPostprocessing = 0;
		};
/* End PBXSourcesBuildPhase section */

/* Begin PBXTargetDependency section */
		4708E06E279998F50034E8B3 /* PBXTargetDependency */ = {
			isa = PBXTargetDependency;
			target = 4708E055279998F40034E8B3 /* MPFUNSwift */;
			targetProxy = 4708E06D279998F50034E8B3 /* PBXContainerItemProxy */;
		};
		4708E078279998F50034E8B3 /* PBXTargetDependency */ = {
			isa = PBXTargetDependency;
			target = 4708E055279998F40034E8B3 /* MPFUNSwift */;
			targetProxy = 4708E077279998F50034E8B3 /* PBXContainerItemProxy */;
		};
/* End PBXTargetDependency section */

/* Begin PBXVariantGroup section */
		4708E05F279998F40034E8B3 /* Main.storyboard */ = {
			isa = PBXVariantGroup;
			children = (
				4708E060279998F40034E8B3 /* Base */,
			);
			name = Main.storyboard;
			sourceTree = "<group>";
		};
		4708E064279998F50034E8B3 /* LaunchScreen.storyboard */ = {
			isa = PBXVariantGroup;
			children = (
				4708E065279998F50034E8B3 /* Base */,
			);
			name = LaunchScreen.storyboard;
			sourceTree = "<group>";
		};
/* End PBXVariantGroup section */

/* Begin XCBuildConfiguration section */
		4708E07E279998F50034E8B3 /* Debug */ = {
			isa = XCBuildConfiguration;
			buildSettings = {
				ALWAYS_SEARCH_USER_PATHS = NO;
				CLANG_ANALYZER_NONNULL = YES;
				CLANG_ANALYZER_NUMBER_OBJECT_CONVERSION = YES_AGGRESSIVE;
				CLANG_CXX_LANGUAGE_STANDARD = "gnu++17";
				CLANG_CXX_LIBRARY = "libc++";
				CLANG_ENABLE_MODULES = YES;
				CLANG_ENABLE_OBJC_ARC = YES;
				CLANG_ENABLE_OBJC_WEAK = YES;
				CLANG_WARN_BLOCK_CAPTURE_AUTORELEASING = YES;
				CLANG_WARN_BOOL_CONVERSION = YES;
				CLANG_WARN_COMMA = YES;
				CLANG_WARN_CONSTANT_CONVERSION = YES;
				CLANG_WARN_DEPRECATED_OBJC_IMPLEMENTATIONS = YES;
				CLANG_WARN_DIRECT_OBJC_ISA_USAGE = YES_ERROR;
				CLANG_WARN_DOCUMENTATION_COMMENTS = YES;
				CLANG_WARN_EMPTY_BODY = YES;
				CLANG_WARN_ENUM_CONVERSION = YES;
				CLANG_WARN_INFINITE_RECURSION = YES;
				CLANG_WARN_INT_CONVERSION = YES;
				CLANG_WARN_NON_LITERAL_NULL_CONVERSION = YES;
				CLANG_WARN_OBJC_IMPLICIT_RETAIN_SELF = YES;
				CLANG_WARN_OBJC_LITERAL_CONVERSION = YES;
				CLANG_WARN_OBJC_ROOT_CLASS = YES_ERROR;
				CLANG_WARN_QUOTED_INCLUDE_IN_FRAMEWORK_HEADER = YES;
				CLANG_WARN_RANGE_LOOP_ANALYSIS = YES;
				CLANG_WARN_STRICT_PROTOTYPES = YES;
				CLANG_WARN_SUSPICIOUS_MOVE = YES;
				CLANG_WARN_UNGUARDED_AVAILABILITY = YES_AGGRESSIVE;
				CLANG_WARN_UNREACHABLE_CODE = YES;
				CLANG_WARN__DUPLICATE_METHOD_MATCH = YES;
				COPY_PHASE_STRIP = NO;
				DEBUG_INFORMATION_FORMAT = dwarf;
				ENABLE_STRICT_OBJC_MSGSEND = YES;
				ENABLE_TESTABILITY = YES;
				GCC_C_LANGUAGE_STANDARD = gnu11;
				GCC_DYNAMIC_NO_PIC = NO;
				GCC_NO_COMMON_BLOCKS = YES;
				GCC_OPTIMIZATION_LEVEL = 0;
				GCC_PREPROCESSOR_DEFINITIONS = (
					"DEBUG=1",
					"$(inherited)",
				);
				GCC_WARN_64_TO_32_BIT_CONVERSION = YES;
				GCC_WARN_ABOUT_RETURN_TYPE = YES_ERROR;
				GCC_WARN_UNDECLARED_SELECTOR = YES;
				GCC_WARN_UNINITIALIZED_AUTOS = YES_AGGRESSIVE;
				GCC_WARN_UNUSED_FUNCTION = YES;
				GCC_WARN_UNUSED_VARIABLE = YES;
				IPHONEOS_DEPLOYMENT_TARGET = 15.2;
				MTL_ENABLE_DEBUG_INFO = INCLUDE_SOURCE;
				MTL_FAST_MATH = YES;
				ONLY_ACTIVE_ARCH = YES;
				SDKROOT = iphoneos;
				SWIFT_ACTIVE_COMPILATION_CONDITIONS = DEBUG;
				SWIFT_OPTIMIZATION_LEVEL = "-Onone";
			};
			name = Debug;
		};
		4708E07F279998F50034E8B3 /* Release */ = {
			isa = XCBuildConfiguration;
			buildSettings = {
				ALWAYS_SEARCH_USER_PATHS = NO;
				CLANG_ANALYZER_NONNULL = YES;
				CLANG_ANALYZER_NUMBER_OBJECT_CONVERSION = YES_AGGRESSIVE;
				CLANG_CXX_LANGUAGE_STANDARD = "gnu++17";
				CLANG_CXX_LIBRARY = "libc++";
				CLANG_ENABLE_MODULES = YES;
				CLANG_ENABLE_OBJC_ARC = YES;
				CLANG_ENABLE_OBJC_WEAK = YES;
				CLANG_WARN_BLOCK_CAPTURE_AUTORELEASING = YES;
				CLANG_WARN_BOOL_CONVERSION = YES;
				CLANG_WARN_COMMA = YES;
				CLANG_WARN_CONSTANT_CONVERSION = YES;
				CLANG_WARN_DEPRECATED_OBJC_IMPLEMENTATIONS = YES;
				CLANG_WARN_DIRECT_OBJC_ISA_USAGE = YES_ERROR;
				CLANG_WARN_DOCUMENTATION_COMMENTS = YES;
				CLANG_WARN_EMPTY_BODY = YES;
				CLANG_WARN_ENUM_CONVERSION = YES;
				CLANG_WARN_INFINITE_RECURSION = YES;
				CLANG_WARN_INT_CONVERSION = YES;
				CLANG_WARN_NON_LITERAL_NULL_CONVERSION = YES;
				CLANG_WARN_OBJC_IMPLICIT_RETAIN_SELF = YES;
				CLANG_WARN_OBJC_LITERAL_CONVERSION = YES;
				CLANG_WARN_OBJC_ROOT_CLASS = YES_ERROR;
				CLANG_WARN_QUOTED_INCLUDE_IN_FRAMEWORK_HEADER = YES;
				CLANG_WARN_RANGE_LOOP_ANALYSIS = YES;
				CLANG_WARN_STRICT_PROTOTYPES = YES;
				CLANG_WARN_SUSPICIOUS_MOVE = YES;
				CLANG_WARN_UNGUARDED_AVAILABILITY = YES_AGGRESSIVE;
				CLANG_WARN_UNREACHABLE_CODE = YES;
				CLANG_WARN__DUPLICATE_METHOD_MATCH = YES;
				COPY_PHASE_STRIP = NO;
				DEBUG_INFORMATION_FORMAT = "dwarf-with-dsym";
				ENABLE_NS_ASSERTIONS = NO;
				ENABLE_STRICT_OBJC_MSGSEND = YES;
				GCC_C_LANGUAGE_STANDARD = gnu11;
				GCC_NO_COMMON_BLOCKS = YES;
				GCC_WARN_64_TO_32_BIT_CONVERSION = YES;
				GCC_WARN_ABOUT_RETURN_TYPE = YES_ERROR;
				GCC_WARN_UNDECLARED_SELECTOR = YES;
				GCC_WARN_UNINITIALIZED_AUTOS = YES_AGGRESSIVE;
				GCC_WARN_UNUSED_FUNCTION = YES;
				GCC_WARN_UNUSED_VARIABLE = YES;
				IPHONEOS_DEPLOYMENT_TARGET = 15.2;
				MTL_ENABLE_DEBUG_INFO = NO;
				MTL_FAST_MATH = YES;
				SDKROOT = iphoneos;
				SWIFT_COMPILATION_MODE = wholemodule;
				SWIFT_OPTIMIZATION_LEVEL = "-O";
				VALIDATE_PRODUCT = YES;
			};
			name = Release;
		};
		4708E081279998F50034E8B3 /* Debug */ = {
			isa = XCBuildConfiguration;
			buildSettings = {
				ASSETCATALOG_COMPILER_APPICON_NAME = AppIcon;
				ASSETCATALOG_COMPILER_GLOBAL_ACCENT_COLOR_NAME = AccentColor;
				CODE_SIGN_STYLE = Automatic;
				CURRENT_PROJECT_VERSION = 1;
				DEVELOPMENT_TEAM = 6389FT2N69;
				GENERATE_INFOPLIST_FILE = YES;
				INFOPLIST_FILE = MPFUNSwift/Info.plist;
				INFOPLIST_KEY_UIApplicationSupportsIndirectInputEvents = YES;
				INFOPLIST_KEY_UILaunchStoryboardName = LaunchScreen;
				INFOPLIST_KEY_UIMainStoryboardFile = Main;
				INFOPLIST_KEY_UISupportedInterfaceOrientations_iPad = "UIInterfaceOrientationPortrait UIInterfaceOrientationPortraitUpsideDown UIInterfaceOrientationLandscapeLeft UIInterfaceOrientationLandscapeRight";
				INFOPLIST_KEY_UISupportedInterfaceOrientations_iPhone = "UIInterfaceOrientationPortrait UIInterfaceOrientationLandscapeLeft UIInterfaceOrientationLandscapeRight";
				LD_RUNPATH_SEARCH_PATHS = (
					"$(inherited)",
					"@executable_path/Frameworks",
				);
				MARKETING_VERSION = 1.0;
				PRODUCT_BUNDLE_IDENTIFIER = "com.c-inspirations.MPFUNSwift";
				PRODUCT_NAME = "$(TARGET_NAME)";
				SWIFT_EMIT_LOC_STRINGS = YES;
				SWIFT_VERSION = 5.0;
				TARGETED_DEVICE_FAMILY = "1,2";
			};
			name = Debug;
		};
		4708E082279998F50034E8B3 /* Release */ = {
			isa = XCBuildConfiguration;
			buildSettings = {
				ASSETCATALOG_COMPILER_APPICON_NAME = AppIcon;
				ASSETCATALOG_COMPILER_GLOBAL_ACCENT_COLOR_NAME = AccentColor;
				CODE_SIGN_STYLE = Automatic;
				CURRENT_PROJECT_VERSION = 1;
				DEVELOPMENT_TEAM = 6389FT2N69;
				GENERATE_INFOPLIST_FILE = YES;
				INFOPLIST_FILE = MPFUNSwift/Info.plist;
				INFOPLIST_KEY_UIApplicationSupportsIndirectInputEvents = YES;
				INFOPLIST_KEY_UILaunchStoryboardName = LaunchScreen;
				INFOPLIST_KEY_UIMainStoryboardFile = Main;
				INFOPLIST_KEY_UISupportedInterfaceOrientations_iPad = "UIInterfaceOrientationPortrait UIInterfaceOrientationPortraitUpsideDown UIInterfaceOrientationLandscapeLeft UIInterfaceOrientationLandscapeRight";
				INFOPLIST_KEY_UISupportedInterfaceOrientations_iPhone = "UIInterfaceOrientationPortrait UIInterfaceOrientationLandscapeLeft UIInterfaceOrientationLandscapeRight";
				LD_RUNPATH_SEARCH_PATHS = (
					"$(inherited)",
					"@executable_path/Frameworks",
				);
				MARKETING_VERSION = 1.0;
				PRODUCT_BUNDLE_IDENTIFIER = "com.c-inspirations.MPFUNSwift";
				PRODUCT_NAME = "$(TARGET_NAME)";
				SWIFT_EMIT_LOC_STRINGS = YES;
				SWIFT_VERSION = 5.0;
				TARGETED_DEVICE_FAMILY = "1,2";
			};
			name = Release;
		};
		4708E084279998F50034E8B3 /* Debug */ = {
			isa = XCBuildConfiguration;
			buildSettings = {
				ALWAYS_EMBED_SWIFT_STANDARD_LIBRARIES = YES;
				BUNDLE_LOADER = "$(TEST_HOST)";
				CODE_SIGN_STYLE = Automatic;
				CURRENT_PROJECT_VERSION = 1;
				DEVELOPMENT_TEAM = 6389FT2N69;
				GENERATE_INFOPLIST_FILE = YES;
				IPHONEOS_DEPLOYMENT_TARGET = 15.2;
				MARKETING_VERSION = 1.0;
				PRODUCT_BUNDLE_IDENTIFIER = "com.c-inspirations.MPFUNSwiftTests";
				PRODUCT_NAME = "$(TARGET_NAME)";
				SWIFT_EMIT_LOC_STRINGS = NO;
				SWIFT_VERSION = 5.0;
				TARGETED_DEVICE_FAMILY = "1,2";
				TEST_HOST = "$(BUILT_PRODUCTS_DIR)/MPFUNSwift.app/MPFUNSwift";
			};
			name = Debug;
		};
		4708E085279998F50034E8B3 /* Release */ = {
			isa = XCBuildConfiguration;
			buildSettings = {
				ALWAYS_EMBED_SWIFT_STANDARD_LIBRARIES = YES;
				BUNDLE_LOADER = "$(TEST_HOST)";
				CODE_SIGN_STYLE = Automatic;
				CURRENT_PROJECT_VERSION = 1;
				DEVELOPMENT_TEAM = 6389FT2N69;
				GENERATE_INFOPLIST_FILE = YES;
				IPHONEOS_DEPLOYMENT_TARGET = 15.2;
				MARKETING_VERSION = 1.0;
				PRODUCT_BUNDLE_IDENTIFIER = "com.c-inspirations.MPFUNSwiftTests";
				PRODUCT_NAME = "$(TARGET_NAME)";
				SWIFT_EMIT_LOC_STRINGS = NO;
				SWIFT_VERSION = 5.0;
				TARGETED_DEVICE_FAMILY = "1,2";
				TEST_HOST = "$(BUILT_PRODUCTS_DIR)/MPFUNSwift.app/MPFUNSwift";
			};
			name = Release;
		};
		4708E087279998F50034E8B3 /* Debug */ = {
			isa = XCBuildConfiguration;
			buildSettings = {
				ALWAYS_EMBED_SWIFT_STANDARD_LIBRARIES = YES;
				CODE_SIGN_STYLE = Automatic;
				CURRENT_PROJECT_VERSION = 1;
				DEVELOPMENT_TEAM = 6389FT2N69;
				GENERATE_INFOPLIST_FILE = YES;
				MARKETING_VERSION = 1.0;
				PRODUCT_BUNDLE_IDENTIFIER = "com.c-inspirations.MPFUNSwiftUITests";
				PRODUCT_NAME = "$(TARGET_NAME)";
				SWIFT_EMIT_LOC_STRINGS = NO;
				SWIFT_VERSION = 5.0;
				TARGETED_DEVICE_FAMILY = "1,2";
				TEST_TARGET_NAME = MPFUNSwift;
			};
			name = Debug;
		};
		4708E088279998F50034E8B3 /* Release */ = {
			isa = XCBuildConfiguration;
			buildSettings = {
				ALWAYS_EMBED_SWIFT_STANDARD_LIBRARIES = YES;
				CODE_SIGN_STYLE = Automatic;
				CURRENT_PROJECT_VERSION = 1;
				DEVELOPMENT_TEAM = 6389FT2N69;
				GENERATE_INFOPLIST_FILE = YES;
				MARKETING_VERSION = 1.0;
				PRODUCT_BUNDLE_IDENTIFIER = "com.c-inspirations.MPFUNSwiftUITests";
				PRODUCT_NAME = "$(TARGET_NAME)";
				SWIFT_EMIT_LOC_STRINGS = NO;
				SWIFT_VERSION = 5.0;
				TARGETED_DEVICE_FAMILY = "1,2";
				TEST_TARGET_NAME = MPFUNSwift;
			};
			name = Release;
		};
/* End XCBuildConfiguration section */

/* Begin XCConfigurationList section */
		4708E051279998F40034E8B3 /* Build configuration list for PBXProject "MPFUNSwift" */ = {
			isa = XCConfigurationList;
			buildConfigurations = (
				4708E07E279998F50034E8B3 /* Debug */,
				4708E07F279998F50034E8B3 /* Release */,
			);
			defaultConfigurationIsVisible = 0;
			defaultConfigurationName = Release;
		};
		4708E080279998F50034E8B3 /* Build configuration list for PBXNativeTarget "MPFUNSwift" */ = {
			isa = XCConfigurationList;
			buildConfigurations = (
				4708E081279998F50034E8B3 /* Debug */,
				4708E082279998F50034E8B3 /* Release */,
			);
			defaultConfigurationIsVisible = 0;
			defaultConfigurationName = Release;
		};
		4708E083279998F50034E8B3 /* Build configuration list for PBXNativeTarget "MPFUNSwiftTests" */ = {
			isa = XCConfigurationList;
			buildConfigurations = (
				4708E084279998F50034E8B3 /* Debug */,
				4708E085279998F50034E8B3 /* Release */,
			);
			defaultConfigurationIsVisible = 0;
			defaultConfigurationName = Release;
		};
		4708E086279998F50034E8B3 /* Build configuration list for PBXNativeTarget "MPFUNSwiftUITests" */ = {
			isa = XCConfigurationList;
			buildConfigurations = (
				4708E087279998F50034E8B3 /* Debug */,
				4708E088279998F50034E8B3 /* Release */,
			);
			defaultConfigurationIsVisible = 0;
			defaultConfigurationName = Release;
		};
/* End XCConfigurationList section */
	};
	rootObject = 4708E04E279998F40034E8B3 /* Project object */;
}
